
Microsoft Visual Studio Solution File, Format Version 12.00
# Visual Studio Version 17
VisualStudioVersion = 17.13.35931.197 d17.13
MinimumVisualStudioVersion = 10.0.40219.1
Project("{FAE04EC0-301F-11D3-BF4B-00C04F79EFBC}") = "TwinCATAUTDServer", "TwinCATAUTDServer.csproj", "{57EE50BE-0EE2-4041-8FB4-3B75C1CA0585}"
EndProject
Global
	GlobalSection(SolutionConfigurationPlatforms) = preSolution
		Debug|Any CPU = Debug|Any CPU
		Release|Any CPU = Release|Any CPU
	EndGlobalSection
	GlobalSection(ProjectConfigurationPlatforms) = postSolution
		{57EE50BE-0EE2-4041-8FB4-3B75C1CA0585}.Debug|Any CPU.ActiveCfg = Debug|Any CPU
		{57EE50BE-0EE2-4041-8FB4-3B75C1CA0585}.Debug|Any CPU.Build.0 = Debug|Any CPU
		{57EE50BE-0EE2-4041-8FB4-3B75C1CA0585}.Release|Any CPU.ActiveCfg = Release|Any CPU
		{57EE50BE-0EE2-4041-8FB4-3B75C1CA0585}.Release|Any CPU.Build.0 = Release|Any CPU
	EndGlobalSection
	GlobalSection(SolutionProperties) = preSolution
		HideSolutionNode = FALSE
	EndGlobalSection
	GlobalSection(ExtensibilityGlobals) = postSolution
		SolutionGuid = {479AE385-1D5C-4276-A124-38901303DCC7}
	EndGlobalSection
EndGlobal
